
Microsoft Visual Studio Solution File, Format Version 12.00
# Visual Studio Version 17
VisualStudioVersion = 17.9.34701.34
MinimumVisualStudioVersion = 10.0.40219.1
Project("{9A19103F-16F7-4668-BE54-9A1E7A4F7556}") = "PokemonReviewApp", "PokemonReviewApp\PokemonReviewApp.csproj", "{10C2437F-5B30-4006-9E36-7FE29CB8FA9E}"
EndProject
Project("{2150E333-8FDC-42A3-9474-1A3956D46DE8}") = "Solution Items", "Solution Items", "{AD03C47E-68DA-4502-94FD-02948E9F2F87}"
	ProjectSection(SolutionItems) = preProject
		.editorconfig = .editorconfig
	EndProjectSection
EndProject
Global
	GlobalSection(SolutionConfigurationPlatforms) = preSolution
		Debug|Any CPU = Debug|Any CPU
		Release|Any CPU = Release|Any CPU
	EndGlobalSection
	GlobalSection(ProjectConfigurationPlatforms) = postSolution
		{10C2437F-5B30-4006-9E36-7FE29CB8FA9E}.Debug|Any CPU.ActiveCfg = Debug|Any CPU
		{10C2437F-5B30-4006-9E36-7FE29CB8FA9E}.Debug|Any CPU.Build.0 = Debug|Any CPU
		{10C2437F-5B30-4006-9E36-7FE29CB8FA9E}.Release|Any CPU.ActiveCfg = Release|Any CPU
		{10C2437F-5B30-4006-9E36-7FE29CB8FA9E}.Release|Any CPU.Build.0 = Release|Any CPU
	EndGlobalSection
	GlobalSection(SolutionProperties) = preSolution
		HideSolutionNode = FALSE
	EndGlobalSection
	GlobalSection(ExtensibilityGlobals) = postSolution
		SolutionGuid = {8B6AC93F-EBBF-4CFC-A313-9E70392D3D88}
	EndGlobalSection
EndGlobal
